
Microsoft Visual Studio Solution File, Format Version 12.00
# Visual Studio 14
VisualStudioVersion = 14.0.25420.1
MinimumVisualStudioVersion = 10.0.40219.1
Project("{FAE04EC0-301F-11D3-BF4B-00C04F79EFBC}") = "FPGA_Simulator", "FPGA_Simulator\FPGA_Simulator.csproj", "{B23C26C4-D4E3-4CA3-8DC8-ADF5B5B461F8}"
EndProject
Project("{FAE04EC0-301F-11D3-BF4B-00C04F79EFBC}") = "FPGA", "FPGA\FPGA.csproj", "{93BF2ECD-0158-4AC6-91D6-7E19FF53E94D}"
EndProject
Project("{FAE04EC0-301F-11D3-BF4B-00C04F79EFBC}") = "FPGA_DNAProcessor", "FPGA_DNAProcessor\FPGA_DNAProcessor.csproj", "{C09DD8F1-CA1E-4B45-8592-C8BD48FF44A6}"
EndProject
Project("{FAE04EC0-301F-11D3-BF4B-00C04F79EFBC}") = "Common", "Common\Common.csproj", "{2228FF84-6DFE-44D9-909F-9DDCC73C0398}"
EndProject
Project("{FAE04EC0-301F-11D3-BF4B-00C04F79EFBC}") = "ImportKennethsTestInputs", "ImportKennethsTestInputs\ImportKennethsTestInputs.csproj", "{802E66B5-A865-4A70-BFAB-28D2364E6932}"
EndProject
Project("{FAE04EC0-301F-11D3-BF4B-00C04F79EFBC}") = "FPGA.Tests", "FPGA.Tests\FPGA.Tests.csproj", "{BFCF6A6E-5B53-44B6-99E5-49A27BC34134}"
EndProject
Global
	GlobalSection(SolutionConfigurationPlatforms) = preSolution
		Debug|Any CPU = Debug|Any CPU
		Release|Any CPU = Release|Any CPU
	EndGlobalSection
	GlobalSection(ProjectConfigurationPlatforms) = postSolution
		{B23C26C4-D4E3-4CA3-8DC8-ADF5B5B461F8}.Debug|Any CPU.ActiveCfg = Debug|Any CPU
		{B23C26C4-D4E3-4CA3-8DC8-ADF5B5B461F8}.Debug|Any CPU.Build.0 = Debug|Any CPU
		{B23C26C4-D4E3-4CA3-8DC8-ADF5B5B461F8}.Release|Any CPU.ActiveCfg = Release|Any CPU
		{B23C26C4-D4E3-4CA3-8DC8-ADF5B5B461F8}.Release|Any CPU.Build.0 = Release|Any CPU
		{93BF2ECD-0158-4AC6-91D6-7E19FF53E94D}.Debug|Any CPU.ActiveCfg = Debug|Any CPU
		{93BF2ECD-0158-4AC6-91D6-7E19FF53E94D}.Debug|Any CPU.Build.0 = Debug|Any CPU
		{93BF2ECD-0158-4AC6-91D6-7E19FF53E94D}.Release|Any CPU.ActiveCfg = Release|Any CPU
		{93BF2ECD-0158-4AC6-91D6-7E19FF53E94D}.Release|Any CPU.Build.0 = Release|Any CPU
		{C09DD8F1-CA1E-4B45-8592-C8BD48FF44A6}.Debug|Any CPU.ActiveCfg = Debug|Any CPU
		{C09DD8F1-CA1E-4B45-8592-C8BD48FF44A6}.Debug|Any CPU.Build.0 = Debug|Any CPU
		{C09DD8F1-CA1E-4B45-8592-C8BD48FF44A6}.Release|Any CPU.ActiveCfg = Release|Any CPU
		{C09DD8F1-CA1E-4B45-8592-C8BD48FF44A6}.Release|Any CPU.Build.0 = Release|Any CPU
		{2228FF84-6DFE-44D9-909F-9DDCC73C0398}.Debug|Any CPU.ActiveCfg = Debug|Any CPU
		{2228FF84-6DFE-44D9-909F-9DDCC73C0398}.Debug|Any CPU.Build.0 = Debug|Any CPU
		{2228FF84-6DFE-44D9-909F-9DDCC73C0398}.Release|Any CPU.ActiveCfg = Release|Any CPU
		{2228FF84-6DFE-44D9-909F-9DDCC73C0398}.Release|Any CPU.Build.0 = Release|Any CPU
		{802E66B5-A865-4A70-BFAB-28D2364E6932}.Debug|Any CPU.ActiveCfg = Debug|Any CPU
		{802E66B5-A865-4A70-BFAB-28D2364E6932}.Debug|Any CPU.Build.0 = Debug|Any CPU
                {802E66B5-A865-4A70-BFAB-28D2364E6932}.Release|Any CPU.ActiveCfg = Release|Any CPU
                {802E66B5-A865-4A70-BFAB-28D2364E6932}.Release|Any CPU.Build.0 = Release|Any CPU
                {BFCF6A6E-5B53-44B6-99E5-49A27BC34134}.Debug|Any CPU.ActiveCfg = Debug|Any CPU
                {BFCF6A6E-5B53-44B6-99E5-49A27BC34134}.Debug|Any CPU.Build.0 = Debug|Any CPU
                {BFCF6A6E-5B53-44B6-99E5-49A27BC34134}.Release|Any CPU.ActiveCfg = Release|Any CPU
                {BFCF6A6E-5B53-44B6-99E5-49A27BC34134}.Release|Any CPU.Build.0 = Release|Any CPU
        EndGlobalSection
	GlobalSection(SolutionProperties) = preSolution
		HideSolutionNode = FALSE
	EndGlobalSection
EndGlobal
